
Microsoft Visual Studio Solution File, Format Version 12.00
# Visual Studio Version 16
VisualStudioVersion = 16.0.30907.101
MinimumVisualStudioVersion = 10.0.40219.1
Project("{FAE04EC0-301F-11D3-BF4B-00C04F79EFBC}") = "Interface_X", "Interface_X.csproj", "{E6030848-3648-4D7C-B7A1-772B16FCB38E}"
EndProject
Global
	GlobalSection(SolutionConfigurationPlatforms) = preSolution
		Debug|Any CPU = Debug|Any CPU
		Release|Any CPU = Release|Any CPU
	EndGlobalSection
	GlobalSection(ProjectConfigurationPlatforms) = postSolution
		{E6030848-3648-4D7C-B7A1-772B16FCB38E}.Debug|Any CPU.ActiveCfg = Debug|Any CPU
		{E6030848-3648-4D7C-B7A1-772B16FCB38E}.Debug|Any CPU.Build.0 = Debug|Any CPU
		{E6030848-3648-4D7C-B7A1-772B16FCB38E}.Release|Any CPU.ActiveCfg = Release|Any CPU
		{E6030848-3648-4D7C-B7A1-772B16FCB38E}.Release|Any CPU.Build.0 = Release|Any CPU
	EndGlobalSection
	GlobalSection(SolutionProperties) = preSolution
		HideSolutionNode = FALSE
	EndGlobalSection
	GlobalSection(ExtensibilityGlobals) = postSolution
		SolutionGuid = {AD9B1375-5CE5-450B-B27B-FF73CDB41E32}
	EndGlobalSection
EndGlobal
